<?xml version="1.0" encoding="utf-8"?>
<Project ToolsVersion="4.0" xmlns="http://schemas.microsoft.com/developer/msbuild/2003">
  <ItemGroup>
    <Filter Include="Quellcodedateien">
      <UniqueIdentifier>{6e85d296-cd4e-409c-95e3-84398bcb83e3}</UniqueIdentifier>
      <Extensions>cpp;c;cxx;rc;def;r;odl;idl;hpj;bat</Extensions>
    </Filter>
    <Filter Include="Header-Dateien">
      <UniqueIdentifier>{55fc6b34-919e-4e9e-8777-82d1ca380cd2}</UniqueIdentifier>
      <Extensions>h;hpp;hxx;hm;inl</Extensions>
    </Filter>
    <Filter Include="Ressourcendateien">
      <UniqueIdentifier>{a701e9dc-8a9c-45c8-85a7-ce21a4d05c1f}</UniqueIdentifier>
      <Extensions>ico;cur;bmp;dlg;rc2;rct;bin;rgs;gif;jpg;jpeg;jpe</Extensions>
    </Filter>
  </ItemGroup>
  <ItemGroup>
    <ClCompile Include="src\demo.cpp">
      <Filter>Quellcodedateien</Filter>
    </ClCompile>
    <ClCompile Include="src\main.cpp">
      <Filter>Quellcodedateien</Filter>
    </ClCompile>
    <ClCompile Include="src\menu.cpp">
      <Filter>Quellcodedateien</Filter>
    </ClCompile>
    <ClCompile Include="src\model.cpp">
      <Filter>Quellcodedateien</Filter>
    </ClCompile>
    <ClCompile Include="src\tga.cpp">
      <Filter>Quellcodedateien</Filter>
    </ClCompile>
    <ClCompile Include="src\tick.cpp">
      <Filter>Quellcodedateien</Filter>
    </ClCompile>
  </ItemGroup>
  <ItemGroup>
    <ClInclude Include="config.h">
      <Filter>Header-Dateien</Filter>
    </ClInclude>
    <ClInclude Include="src\demo.h">
      <Filter>Header-Dateien</Filter>
    </ClInclude>
    <ClInclude Include="src\global.h">
      <Filter>Header-Dateien</Filter>
    </ClInclude>
    <ClInclude Include="src\menu.h">
      <Filter>Header-Dateien</Filter>
    </ClInclude>
    <ClInclude Include="src\model.h">
      <Filter>Header-Dateien</Filter>
    </ClInclude>
    <ClInclude Include="src\tga.h">
      <Filter>Header-Dateien</Filter>
    </ClInclude>
    <ClInclude Include="src\tick.h">
      <Filter>Header-Dateien</Filter>
    </ClInclude>
  </ItemGroup>
  <ItemGroup>
    <None Include="AUTHORS" />
    <None Include="ChangeLog" />
    <None Include="COPYING" />
    <None Include="INSTALL" />
    <None Include="README" />
    <None Include="TODO" />
  </ItemGroup>
</Project>